
Microsoft Visual Studio Solution File, Format Version 12.00
# Visual Studio Version 16
VisualStudioVersion = 16.0.33214.272
MinimumVisualStudioVersion = 10.0.40219.1
Project("{FAE04EC0-301F-11D3-BF4B-00C04F79EFBC}") = "zachet", "zachet\zachet.csproj", "{8CBE67AE-9862-4D6D-B973-6628510A1C57}"
EndProject
Global
	GlobalSection(SolutionConfigurationPlatforms) = preSolution
		Debug|Any CPU = Debug|Any CPU
		Release|Any CPU = Release|Any CPU
	EndGlobalSection
	GlobalSection(ProjectConfigurationPlatforms) = postSolution
		{8CBE67AE-9862-4D6D-B973-6628510A1C57}.Debug|Any CPU.ActiveCfg = Debug|Any CPU
		{8CBE67AE-9862-4D6D-B973-6628510A1C57}.Debug|Any CPU.Build.0 = Debug|Any CPU
		{8CBE67AE-9862-4D6D-B973-6628510A1C57}.Release|Any CPU.ActiveCfg = Release|Any CPU
		{8CBE67AE-9862-4D6D-B973-6628510A1C57}.Release|Any CPU.Build.0 = Release|Any CPU
	EndGlobalSection
	GlobalSection(SolutionProperties) = preSolution
		HideSolutionNode = FALSE
	EndGlobalSection
	GlobalSection(ExtensibilityGlobals) = postSolution
		SolutionGuid = {94FDD9E8-E1DB-4A2B-AF75-68100B3FAF89}
	EndGlobalSection
EndGlobal
